// !$*UTF8*$!
{
	archiveVersion = 1;
	classes = {
	};
	objectVersion = 46;
	objects = {

/* Begin PBXBuildFile section */
		8E12A90D1985739700DFB496 /* AppDelegate.swift in Sources */ = {isa = PBXBuildFile; fileRef = 8E12A90C1985739700DFB496 /* AppDelegate.swift */; };
		8E12A90F1985739700DFB496 /* ViewController.swift in Sources */ = {isa = PBXBuildFile; fileRef = 8E12A90E1985739700DFB496 /* ViewController.swift */; };
		8E12A9121985739700DFB496 /* Main.storyboard in Resources */ = {isa = PBXBuildFile; fileRef = 8E12A9101985739700DFB496 /* Main.storyboard */; };
		8E12A9141985739700DFB496 /* Images.xcassets in Resources */ = {isa = PBXBuildFile; fileRef = 8E12A9131985739700DFB496 /* Images.xcassets */; };
		8E12A9201985739700DFB496 /* InfoNeigeTests.swift in Sources */ = {isa = PBXBuildFile; fileRef = 8E12A91F1985739700DFB496 /* InfoNeigeTests.swift */; };
		8E12A9341985757600DFB496 /* cote.json in Resources */ = {isa = PBXBuildFile; fileRef = 8E12A9331985757600DFB496 /* cote.json */; };
/* End PBXBuildFile section */

/* Begin PBXContainerItemProxy section */
		8E12A91A1985739700DFB496 /* PBXContainerItemProxy */ = {
			isa = PBXContainerItemProxy;
			containerPortal = 8E12A8FD1985737200DFB496 /* Project object */;
			proxyType = 1;
			remoteGlobalIDString = 8E12A9061985739700DFB496;
			remoteInfo = InfoNeige;
		};
		8E12A9271985739700DFB496 /* PBXContainerItemProxy */ = {
			isa = PBXContainerItemProxy;
			containerPortal = 8E12A8FD1985737200DFB496 /* Project object */;
			proxyType = 1;
			remoteGlobalIDString = 8E12A9061985739700DFB496;
			remoteInfo = InfoNeige;
		};
		8E12A9291985739800DFB496 /* PBXContainerItemProxy */ = {
			isa = PBXContainerItemProxy;
			containerPortal = 8E12A8FD1985737200DFB496 /* Project object */;
			proxyType = 1;
			remoteGlobalIDString = 8E12A9061985739700DFB496;
			remoteInfo = InfoNeige;
		};
		8E12A92B1985739900DFB496 /* PBXContainerItemProxy */ = {
			isa = PBXContainerItemProxy;
			containerPortal = 8E12A8FD1985737200DFB496 /* Project object */;
			proxyType = 1;
			remoteGlobalIDString = 8E12A9061985739700DFB496;
			remoteInfo = InfoNeige;
		};
		8E12A92D1985744000DFB496 /* PBXContainerItemProxy */ = {
			isa = PBXContainerItemProxy;
			containerPortal = 8E12A8FD1985737200DFB496 /* Project object */;
			proxyType = 1;
			remoteGlobalIDString = 8E12A9061985739700DFB496;
			remoteInfo = InfoNeige;
		};
/* End PBXContainerItemProxy section */

/* Begin PBXFileReference section */
		8E12A9071985739700DFB496 /* InfoNeige.app */ = {isa = PBXFileReference; explicitFileType = wrapper.application; includeInIndex = 0; path = InfoNeige.app; sourceTree = BUILT_PRODUCTS_DIR; };
		8E12A90B1985739700DFB496 /* Info.plist */ = {isa = PBXFileReference; lastKnownFileType = text.plist.xml; path = Info.plist; sourceTree = "<group>"; };
		8E12A90C1985739700DFB496 /* AppDelegate.swift */ = {isa = PBXFileReference; lastKnownFileType = sourcecode.swift; path = AppDelegate.swift; sourceTree = "<group>"; };
		8E12A90E1985739700DFB496 /* ViewController.swift */ = {isa = PBXFileReference; lastKnownFileType = sourcecode.swift; path = ViewController.swift; sourceTree = "<group>"; };
		8E12A9111985739700DFB496 /* Base */ = {isa = PBXFileReference; lastKnownFileType = file.storyboard; name = Base; path = Base.lproj/Main.storyboard; sourceTree = "<group>"; };
		8E12A9131985739700DFB496 /* Images.xcassets */ = {isa = PBXFileReference; lastKnownFileType = folder.assetcatalog; path = Images.xcassets; sourceTree = "<group>"; };
		8E12A9191985739700DFB496 /* InfoNeigeTests.xctest */ = {isa = PBXFileReference; explicitFileType = wrapper.cfbundle; includeInIndex = 0; path = InfoNeigeTests.xctest; sourceTree = BUILT_PRODUCTS_DIR; };
		8E12A91E1985739700DFB496 /* Info.plist */ = {isa = PBXFileReference; lastKnownFileType = text.plist.xml; path = Info.plist; sourceTree = "<group>"; };
		8E12A91F1985739700DFB496 /* InfoNeigeTests.swift */ = {isa = PBXFileReference; lastKnownFileType = sourcecode.swift; path = InfoNeigeTests.swift; sourceTree = "<group>"; };
		8E12A9331985757600DFB496 /* cote.json */ = {isa = PBXFileReference; fileEncoding = 4; lastKnownFileType = text.json; path = cote.json; sourceTree = "<group>"; };
/* End PBXFileReference section */

/* Begin PBXFrameworksBuildPhase section */
		8E12A9041985739700DFB496 /* Frameworks */ = {
			isa = PBXFrameworksBuildPhase;
			buildActionMask = 2147483647;
			files = (
			);
			runOnlyForDeploymentPostprocessing = 0;
		};
		8E12A9161985739700DFB496 /* Frameworks */ = {
			isa = PBXFrameworksBuildPhase;
			buildActionMask = 2147483647;
			files = (
			);
			runOnlyForDeploymentPostprocessing = 0;
		};
/* End PBXFrameworksBuildPhase section */

/* Begin PBXGroup section */
		8E12A8FC1985737200DFB496 = {
			isa = PBXGroup;
			children = (
				8E12A9091985739700DFB496 /* InfoNeige */,
				8E12A91C1985739700DFB496 /* InfoNeigeTests */,
				8E12A9081985739700DFB496 /* Products */,
			);
			sourceTree = "<group>";
		};
		8E12A9081985739700DFB496 /* Products */ = {
			isa = PBXGroup;
			children = (
				8E12A9071985739700DFB496 /* InfoNeige.app */,
				8E12A9191985739700DFB496 /* InfoNeigeTests.xctest */,
			);
			name = Products;
			sourceTree = "<group>";
		};
		8E12A9091985739700DFB496 /* InfoNeige */ = {
			isa = PBXGroup;
			children = (
				8E12A92F1985757600DFB496 /* Resources */,
				8E12A90C1985739700DFB496 /* AppDelegate.swift */,
				8E12A90E1985739700DFB496 /* ViewController.swift */,
				8E12A9101985739700DFB496 /* Main.storyboard */,
				8E12A9131985739700DFB496 /* Images.xcassets */,
				8E12A90A1985739700DFB496 /* Supporting Files */,
			);
			path = InfoNeige;
			sourceTree = "<group>";
		};
		8E12A90A1985739700DFB496 /* Supporting Files */ = {
			isa = PBXGroup;
			children = (
				8E12A90B1985739700DFB496 /* Info.plist */,
			);
			name = "Supporting Files";
			sourceTree = "<group>";
		};
		8E12A91C1985739700DFB496 /* InfoNeigeTests */ = {
			isa = PBXGroup;
			children = (
				8E12A91F1985739700DFB496 /* InfoNeigeTests.swift */,
				8E12A91D1985739700DFB496 /* Supporting Files */,
			);
			path = InfoNeigeTests;
			sourceTree = "<group>";
		};
		8E12A91D1985739700DFB496 /* Supporting Files */ = {
			isa = PBXGroup;
			children = (
				8E12A91E1985739700DFB496 /* Info.plist */,
			);
			name = "Supporting Files";
			sourceTree = "<group>";
		};
		8E12A92F1985757600DFB496 /* Resources */ = {
			isa = PBXGroup;
			children = (
				8E12A9301985757600DFB496 /* Fonts */,
				8E12A9311985757600DFB496 /* Images */,
				8E12A9321985757600DFB496 /* Maps */,
			);
			path = Resources;
			sourceTree = "<group>";
		};
		8E12A9301985757600DFB496 /* Fonts */ = {
			isa = PBXGroup;
			children = (
			);
			path = Fonts;
			sourceTree = "<group>";
		};
		8E12A9311985757600DFB496 /* Images */ = {
			isa = PBXGroup;
			children = (
			);
			path = Images;
			sourceTree = "<group>";
		};
		8E12A9321985757600DFB496 /* Maps */ = {
			isa = PBXGroup;
			children = (
				8E12A9331985757600DFB496 /* cote.json */,
			);
			path = Maps;
			sourceTree = "<group>";
		};
/* End PBXGroup section */

/* Begin PBXNativeTarget section */
		8E12A9061985739700DFB496 /* InfoNeige */ = {
			isa = PBXNativeTarget;
			buildConfigurationList = 8E12A9211985739700DFB496 /* Build configuration list for PBXNativeTarget "InfoNeige" */;
			buildPhases = (
				8E12A9031985739700DFB496 /* Sources */,
				8E12A9041985739700DFB496 /* Frameworks */,
				8E12A9051985739700DFB496 /* Resources */,
			);
			buildRules = (
			);
			dependencies = (
			);
			name = InfoNeige;
			productName = InfoNeige;
			productReference = 8E12A9071985739700DFB496 /* InfoNeige.app */;
			productType = "com.apple.product-type.application";
		};
		8E12A9181985739700DFB496 /* InfoNeigeTests */ = {
			isa = PBXNativeTarget;
			buildConfigurationList = 8E12A9241985739700DFB496 /* Build configuration list for PBXNativeTarget "InfoNeigeTests" */;
			buildPhases = (
				8E12A9151985739700DFB496 /* Sources */,
				8E12A9161985739700DFB496 /* Frameworks */,
				8E12A9171985739700DFB496 /* Resources */,
			);
			buildRules = (
			);
			dependencies = (
				8E12A91B1985739700DFB496 /* PBXTargetDependency */,
				8E12A9281985739700DFB496 /* PBXTargetDependency */,
				8E12A92A1985739800DFB496 /* PBXTargetDependency */,
				8E12A92C1985739900DFB496 /* PBXTargetDependency */,
				8E12A92E1985744000DFB496 /* PBXTargetDependency */,
			);
			name = InfoNeigeTests;
			productName = InfoNeigeTests;
			productReference = 8E12A9191985739700DFB496 /* InfoNeigeTests.xctest */;
			productType = "com.apple.product-type.bundle.unit-test";
		};
/* End PBXNativeTarget section */

/* Begin PBXProject section */
		8E12A8FD1985737200DFB496 /* Project object */ = {
			isa = PBXProject;
			attributes = {
				LastUpgradeCheck = 0600;
				TargetAttributes = {
					8E12A9061985739700DFB496 = {
						CreatedOnToolsVersion = 6.0;
					};
					8E12A9181985739700DFB496 = {
						CreatedOnToolsVersion = 6.0;
						TestTargetID = 8E12A9061985739700DFB496;
					};
				};
			};
			buildConfigurationList = 8E12A9001985737200DFB496 /* Build configuration list for PBXProject "InfoNeige" */;
			compatibilityVersion = "Xcode 3.2";
			developmentRegion = English;
			hasScannedForEncodings = 0;
			knownRegions = (
				en,
				Base,
			);
			mainGroup = 8E12A8FC1985737200DFB496;
			productRefGroup = 8E12A9081985739700DFB496 /* Products */;
			projectDirPath = "";
			projectRoot = "";
			targets = (
				8E12A9061985739700DFB496 /* InfoNeige */,
				8E12A9181985739700DFB496 /* InfoNeigeTests */,
			);
		};
/* End PBXProject section */

/* Begin PBXResourcesBuildPhase section */
		8E12A9051985739700DFB496 /* Resources */ = {
			isa = PBXResourcesBuildPhase;
			buildActionMask = 2147483647;
			files = (
				8E12A9341985757600DFB496 /* cote.json in Resources */,
				8E12A9121985739700DFB496 /* Main.storyboard in Resources */,
				8E12A9141985739700DFB496 /* Images.xcassets in Resources */,
			);
			runOnlyForDeploymentPostprocessing = 0;
		};
		8E12A9171985739700DFB496 /* Resources */ = {
			isa = PBXResourcesBuildPhase;
			buildActionMask = 2147483647;
			files = (
			);
			runOnlyForDeploymentPostprocessing = 0;
		};
/* End PBXResourcesBuildPhase section */

/* Begin PBXSourcesBuildPhase section */
		8E12A9031985739700DFB496 /* Sources */ = {
			isa = PBXSourcesBuildPhase;
			buildActionMask = 2147483647;
			files = (
				8E12A90F1985739700DFB496 /* ViewController.swift in Sources */,
				8E12A90D1985739700DFB496 /* AppDelegate.swift in Sources */,
			);
			runOnlyForDeploymentPostprocessing = 0;
		};
		8E12A9151985739700DFB496 /* Sources */ = {
			isa = PBXSourcesBuildPhase;
			buildActionMask = 2147483647;
			files = (
				8E12A9201985739700DFB496 /* InfoNeigeTests.swift in Sources */,
			);
			runOnlyForDeploymentPostprocessing = 0;
		};
/* End PBXSourcesBuildPhase section */

/* Begin PBXTargetDependency section */
		8E12A91B1985739700DFB496 /* PBXTargetDependency */ = {
			isa = PBXTargetDependency;
			target = 8E12A9061985739700DFB496 /* InfoNeige */;
			targetProxy = 8E12A91A1985739700DFB496 /* PBXContainerItemProxy */;
		};
		8E12A9281985739700DFB496 /* PBXTargetDependency */ = {
			isa = PBXTargetDependency;
			target = 8E12A9061985739700DFB496 /* InfoNeige */;
			targetProxy = 8E12A9271985739700DFB496 /* PBXContainerItemProxy */;
		};
		8E12A92A1985739800DFB496 /* PBXTargetDependency */ = {
			isa = PBXTargetDependency;
			target = 8E12A9061985739700DFB496 /* InfoNeige */;
			targetProxy = 8E12A9291985739800DFB496 /* PBXContainerItemProxy */;
		};
		8E12A92C1985739900DFB496 /* PBXTargetDependency */ = {
			isa = PBXTargetDependency;
			target = 8E12A9061985739700DFB496 /* InfoNeige */;
			targetProxy = 8E12A92B1985739900DFB496 /* PBXContainerItemProxy */;
		};
		8E12A92E1985744000DFB496 /* PBXTargetDependency */ = {
			isa = PBXTargetDependency;
			target = 8E12A9061985739700DFB496 /* InfoNeige */;
			targetProxy = 8E12A92D1985744000DFB496 /* PBXContainerItemProxy */;
		};
/* End PBXTargetDependency section */

/* Begin PBXVariantGroup section */
		8E12A9101985739700DFB496 /* Main.storyboard */ = {
			isa = PBXVariantGroup;
			children = (
				8E12A9111985739700DFB496 /* Base */,
			);
			name = Main.storyboard;
			sourceTree = "<group>";
		};
/* End PBXVariantGroup section */

/* Begin XCBuildConfiguration section */
		8E12A9011985737200DFB496 /* Debug */ = {
			isa = XCBuildConfiguration;
			buildSettings = {
			};
			name = Debug;
		};
		8E12A9021985737200DFB496 /* Release */ = {
			isa = XCBuildConfiguration;
			buildSettings = {
			};
			name = Release;
		};
		8E12A9221985739700DFB496 /* Debug */ = {
			isa = XCBuildConfiguration;
			buildSettings = {
				ALWAYS_SEARCH_USER_PATHS = NO;
				ASSETCATALOG_COMPILER_APPICON_NAME = AppIcon;
				ASSETCATALOG_COMPILER_LAUNCHIMAGE_NAME = LaunchImage;
				CLANG_CXX_LANGUAGE_STANDARD = "gnu++0x";
				CLANG_CXX_LIBRARY = "libc++";
				CLANG_ENABLE_MODULES = YES;
				CLANG_ENABLE_OBJC_ARC = YES;
				CLANG_WARN_BOOL_CONVERSION = YES;
				CLANG_WARN_CONSTANT_CONVERSION = YES;
				CLANG_WARN_DIRECT_OBJC_ISA_USAGE = YES_ERROR;
				CLANG_WARN_EMPTY_BODY = YES;
				CLANG_WARN_ENUM_CONVERSION = YES;
				CLANG_WARN_INT_CONVERSION = YES;
				CLANG_WARN_OBJC_ROOT_CLASS = YES_ERROR;
				CLANG_WARN_UNREACHABLE_CODE = YES;
				CLANG_WARN__DUPLICATE_METHOD_MATCH = YES;
				"CODE_SIGN_IDENTITY[sdk=iphoneos*]" = "iPhone Developer";
				COPY_PHASE_STRIP = NO;
				ENABLE_STRICT_OBJC_MSGSEND = YES;
				GCC_C_LANGUAGE_STANDARD = gnu99;
				GCC_DYNAMIC_NO_PIC = NO;
				GCC_OPTIMIZATION_LEVEL = 0;
				GCC_PREPROCESSOR_DEFINITIONS = (
					"DEBUG=1",
					"$(inherited)",
				);
				GCC_SYMBOLS_PRIVATE_EXTERN = NO;
				GCC_WARN_64_TO_32_BIT_CONVERSION = YES;
				GCC_WARN_ABOUT_RETURN_TYPE = YES_ERROR;
				GCC_WARN_UNDECLARED_SELECTOR = YES;
				GCC_WARN_UNINITIALIZED_AUTOS = YES_AGGRESSIVE;
				GCC_WARN_UNUSED_FUNCTION = YES;
				GCC_WARN_UNUSED_VARIABLE = YES;
				INFOPLIST_FILE = InfoNeige/Info.plist;
				IPHONEOS_DEPLOYMENT_TARGET = 8.0;
				LD_RUNPATH_SEARCH_PATHS = "$(inherited) @executable_path/Frameworks";
				MTL_ENABLE_DEBUG_INFO = YES;
				ONLY_ACTIVE_ARCH = YES;
				PRODUCT_NAME = "$(TARGET_NAME)";
				SDKROOT = iphoneos;
				SWIFT_OPTIMIZATION_LEVEL = "-Onone";
			};
			name = Debug;
		};
		8E12A9231985739700DFB496 /* Release */ = {
			isa = XCBuildConfiguration;
			buildSettings = {
				ALWAYS_SEARCH_USER_PATHS = NO;
				ASSETCATALOG_COMPILER_APPICON_NAME = AppIcon;
				ASSETCATALOG_COMPILER_LAUNCHIMAGE_NAME = LaunchImage;
				CLANG_CXX_LANGUAGE_STANDARD = "gnu++0x";
				CLANG_CXX_LIBRARY = "libc++";
				CLANG_ENABLE_MODULES = YES;
				CLANG_ENABLE_OBJC_ARC = YES;
				CLANG_WARN_BOOL_CONVERSION = YES;
				CLANG_WARN_CONSTANT_CONVERSION = YES;
				CLANG_WARN_DIRECT_OBJC_ISA_USAGE = YES_ERROR;
				CLANG_WARN_EMPTY_BODY = YES;
				CLANG_WARN_ENUM_CONVERSION = YES;
				CLANG_WARN_INT_CONVERSION = YES;
				CLANG_WARN_OBJC_ROOT_CLASS = YES_ERROR;
				CLANG_WARN_UNREACHABLE_CODE = YES;
				CLANG_WARN__DUPLICATE_METHOD_MATCH = YES;
				"CODE_SIGN_IDENTITY[sdk=iphoneos*]" = "iPhone Developer";
				COPY_PHASE_STRIP = YES;
				ENABLE_NS_ASSERTIONS = NO;
				ENABLE_STRICT_OBJC_MSGSEND = YES;
				GCC_C_LANGUAGE_STANDARD = gnu99;
				GCC_WARN_64_TO_32_BIT_CONVERSION = YES;
				GCC_WARN_ABOUT_RETURN_TYPE = YES_ERROR;
				GCC_WARN_UNDECLARED_SELECTOR = YES;
				GCC_WARN_UNINITIALIZED_AUTOS = YES_AGGRESSIVE;
				GCC_WARN_UNUSED_FUNCTION = YES;
				GCC_WARN_UNUSED_VARIABLE = YES;
				INFOPLIST_FILE = InfoNeige/Info.plist;
				IPHONEOS_DEPLOYMENT_TARGET = 8.0;
				LD_RUNPATH_SEARCH_PATHS = "$(inherited) @executable_path/Frameworks";
				MTL_ENABLE_DEBUG_INFO = NO;
				PRODUCT_NAME = "$(TARGET_NAME)";
				SDKROOT = iphoneos;
				VALIDATE_PRODUCT = YES;
			};
			name = Release;
		};
		8E12A9251985739700DFB496 /* Debug */ = {
			isa = XCBuildConfiguration;
			buildSettings = {
				ALWAYS_SEARCH_USER_PATHS = NO;
				BUNDLE_LOADER = "$(BUILT_PRODUCTS_DIR)/InfoNeige.app/InfoNeige";
				CLANG_CXX_LANGUAGE_STANDARD = "gnu++0x";
				CLANG_CXX_LIBRARY = "libc++";
				CLANG_ENABLE_MODULES = YES;
				CLANG_ENABLE_OBJC_ARC = YES;
				CLANG_WARN_BOOL_CONVERSION = YES;
				CLANG_WARN_CONSTANT_CONVERSION = YES;
				CLANG_WARN_DIRECT_OBJC_ISA_USAGE = YES_ERROR;
				CLANG_WARN_EMPTY_BODY = YES;
				CLANG_WARN_ENUM_CONVERSION = YES;
				CLANG_WARN_INT_CONVERSION = YES;
				CLANG_WARN_OBJC_ROOT_CLASS = YES_ERROR;
				CLANG_WARN_UNREACHABLE_CODE = YES;
				CLANG_WARN__DUPLICATE_METHOD_MATCH = YES;
				COPY_PHASE_STRIP = NO;
				ENABLE_STRICT_OBJC_MSGSEND = YES;
				FRAMEWORK_SEARCH_PATHS = (
					"$(SDKROOT)/Developer/Library/Frameworks",
					"$(inherited)",
				);
				GCC_C_LANGUAGE_STANDARD = gnu99;
				GCC_DYNAMIC_NO_PIC = NO;
				GCC_OPTIMIZATION_LEVEL = 0;
				GCC_PREPROCESSOR_DEFINITIONS = (
					"DEBUG=1",
					"$(inherited)",
				);
				GCC_SYMBOLS_PRIVATE_EXTERN = NO;
				GCC_WARN_64_TO_32_BIT_CONVERSION = YES;
				GCC_WARN_ABOUT_RETURN_TYPE = YES_ERROR;
				GCC_WARN_UNDECLARED_SELECTOR = YES;
				GCC_WARN_UNINITIALIZED_AUTOS = YES_AGGRESSIVE;
				GCC_WARN_UNUSED_FUNCTION = YES;
				GCC_WARN_UNUSED_VARIABLE = YES;
				INFOPLIST_FILE = InfoNeigeTests/Info.plist;
				IPHONEOS_DEPLOYMENT_TARGET = 8.0;
				LD_RUNPATH_SEARCH_PATHS = "$(inherited) @executable_path/Frameworks @loader_path/Frameworks";
				MTL_ENABLE_DEBUG_INFO = YES;
				ONLY_ACTIVE_ARCH = YES;
				PRODUCT_NAME = "$(TARGET_NAME)";
				SDKROOT = iphoneos;
				TEST_HOST = "$(BUNDLE_LOADER)";
			};
			name = Debug;
		};
		8E12A9261985739700DFB496 /* Release */ = {
			isa = XCBuildConfiguration;
			buildSettings = {
				ALWAYS_SEARCH_USER_PATHS = NO;
				BUNDLE_LOADER = "$(BUILT_PRODUCTS_DIR)/InfoNeige.app/InfoNeige";
				CLANG_CXX_LANGUAGE_STANDARD = "gnu++0x";
				CLANG_CXX_LIBRARY = "libc++";
				CLANG_ENABLE_MODULES = YES;
				CLANG_ENABLE_OBJC_ARC = YES;
				CLANG_WARN_BOOL_CONVERSION = YES;
				CLANG_WARN_CONSTANT_CONVERSION = YES;
				CLANG_WARN_DIRECT_OBJC_ISA_USAGE = YES_ERROR;
				CLANG_WARN_EMPTY_BODY = YES;
				CLANG_WARN_ENUM_CONVERSION = YES;
				CLANG_WARN_INT_CONVERSION = YES;
				CLANG_WARN_OBJC_ROOT_CLASS = YES_ERROR;
				CLANG_WARN_UNREACHABLE_CODE = YES;
				CLANG_WARN__DUPLICATE_METHOD_MATCH = YES;
				COPY_PHASE_STRIP = YES;
				ENABLE_NS_ASSERTIONS = NO;
				ENABLE_STRICT_OBJC_MSGSEND = YES;
				FRAMEWORK_SEARCH_PATHS = (
					"$(SDKROOT)/Developer/Library/Frameworks",
					"$(inherited)",
				);
				GCC_C_LANGUAGE_STANDARD = gnu99;
				GCC_WARN_64_TO_32_BIT_CONVERSION = YES;
				GCC_WARN_ABOUT_RETURN_TYPE = YES_ERROR;
				GCC_WARN_UNDECLARED_SELECTOR = YES;
				GCC_WARN_UNINITIALIZED_AUTOS = YES_AGGRESSIVE;
				GCC_WARN_UNUSED_FUNCTION = YES;
				GCC_WARN_UNUSED_VARIABLE = YES;
				INFOPLIST_FILE = InfoNeigeTests/Info.plist;
				IPHONEOS_DEPLOYMENT_TARGET = 8.0;
				LD_RUNPATH_SEARCH_PATHS = "$(inherited) @executable_path/Frameworks @loader_path/Frameworks";
				MTL_ENABLE_DEBUG_INFO = NO;
				PRODUCT_NAME = "$(TARGET_NAME)";
				SDKROOT = iphoneos;
				TEST_HOST = "$(BUNDLE_LOADER)";
				VALIDATE_PRODUCT = YES;
			};
			name = Release;
		};
/* End XCBuildConfiguration section */

/* Begin XCConfigurationList section */
		8E12A9001985737200DFB496 /* Build configuration list for PBXProject "InfoNeige" */ = {
			isa = XCConfigurationList;
			buildConfigurations = (
				8E12A9011985737200DFB496 /* Debug */,
				8E12A9021985737200DFB496 /* Release */,
			);
			defaultConfigurationIsVisible = 0;
			defaultConfigurationName = Release;
		};
		8E12A9211985739700DFB496 /* Build configuration list for PBXNativeTarget "InfoNeige" */ = {
			isa = XCConfigurationList;
			buildConfigurations = (
				8E12A9221985739700DFB496 /* Debug */,
				8E12A9231985739700DFB496 /* Release */,
			);
			defaultConfigurationIsVisible = 0;
		};
		8E12A9241985739700DFB496 /* Build configuration list for PBXNativeTarget "InfoNeigeTests" */ = {
			isa = XCConfigurationList;
			buildConfigurations = (
				8E12A9251985739700DFB496 /* Debug */,
				8E12A9261985739700DFB496 /* Release */,
			);
			defaultConfigurationIsVisible = 0;
		};
/* End XCConfigurationList section */
	};
	rootObject = 8E12A8FD1985737200DFB496 /* Project object */;
}
